// !$*UTF8*$!
{
	archiveVersion = 1;
	classes = {
	};
	objectVersion = 56;
	objects = {

/* Begin PBXBuildFile section */
		E848CF652BA1643600441247 /* ManualEntryView.swift in Sources */ = {isa = PBXBuildFile; fileRef = E848CF642BA1643600441247 /* ManualEntryView.swift */; };
		E848CF672BA1643C00441247 /* ManualEntry.swift in Sources */ = {isa = PBXBuildFile; fileRef = E848CF662BA1643C00441247 /* ManualEntry.swift */; };
		E848CF6A2BA16B7400441247 /* CardButtonStyle.swift in Sources */ = {isa = PBXBuildFile; fileRef = E848CF692BA16B7400441247 /* CardButtonStyle.swift */; };
		E848CF6D2BA2965700441247 /* RuntimeVariables.swift in Sources */ = {isa = PBXBuildFile; fileRef = E848CF6C2BA2965700441247 /* RuntimeVariables.swift */; };
		E848CF702BA2979D00441247 /* RuntimeVariablesKey.swift in Sources */ = {isa = PBXBuildFile; fileRef = E848CF6F2BA2979D00441247 /* RuntimeVariablesKey.swift */; };
		E848CF722BA297DD00441247 /* DependancyValues.swift in Sources */ = {isa = PBXBuildFile; fileRef = E848CF712BA297DD00441247 /* DependancyValues.swift */; };
		E848CF772BA2A59500441247 /* Settings.swift in Sources */ = {isa = PBXBuildFile; fileRef = E848CF762BA2A59500441247 /* Settings.swift */; };
		E848CF792BA3F32600441247 /* History.swift in Sources */ = {isa = PBXBuildFile; fileRef = E848CF782BA3F32600441247 /* History.swift */; };
		E848CF7B2BA3FB9C00441247 /* Ids.swift in Sources */ = {isa = PBXBuildFile; fileRef = E848CF7A2BA3FB9C00441247 /* Ids.swift */; };
		E848CF7D2BA40E2F00441247 /* DateUtil.swift in Sources */ = {isa = PBXBuildFile; fileRef = E848CF7C2BA40E2F00441247 /* DateUtil.swift */; };
		E848CF802BA40F0300441247 /* Ext_Date.swift in Sources */ = {isa = PBXBuildFile; fileRef = E848CF7F2BA40F0300441247 /* Ext_Date.swift */; };
		E89FE8C12B9BC97D004700B2 /* Macroist_SwiftUIApp.swift in Sources */ = {isa = PBXBuildFile; fileRef = E89FE8C02B9BC97D004700B2 /* Macroist_SwiftUIApp.swift */; };
		E89FE8C52B9BC97E004700B2 /* Assets.xcassets in Resources */ = {isa = PBXBuildFile; fileRef = E89FE8C42B9BC97E004700B2 /* Assets.xcassets */; };
		E89FE8C82B9BC97E004700B2 /* Preview Assets.xcassets in Resources */ = {isa = PBXBuildFile; fileRef = E89FE8C72B9BC97E004700B2 /* Preview Assets.xcassets */; };
		E89FE8D42B9BCA23004700B2 /* RootView.swift in Sources */ = {isa = PBXBuildFile; fileRef = E89FE8D32B9BCA23004700B2 /* RootView.swift */; };
		E89FE8D92B9BCAAA004700B2 /* FoodPopoverCoordinator.swift in Sources */ = {isa = PBXBuildFile; fileRef = E89FE8D82B9BCAAA004700B2 /* FoodPopoverCoordinator.swift */; };
		E89FE8DC2B9BCB6A004700B2 /* ComposableArchitecture in Frameworks */ = {isa = PBXBuildFile; productRef = E89FE8DB2B9BCB6A004700B2 /* ComposableArchitecture */; };
		E89FE8DE2B9BCBA4004700B2 /* GoogleService-Info.plist in Resources */ = {isa = PBXBuildFile; fileRef = E89FE8DD2B9BCBA4004700B2 /* GoogleService-Info.plist */; };
		E89FE8E12B9BCC42004700B2 /* FirebaseAnalytics in Frameworks */ = {isa = PBXBuildFile; productRef = E89FE8E02B9BCC42004700B2 /* FirebaseAnalytics */; };
		E89FE8E32B9BCC42004700B2 /* FirebaseAnalyticsOnDeviceConversion in Frameworks */ = {isa = PBXBuildFile; productRef = E89FE8E22B9BCC42004700B2 /* FirebaseAnalyticsOnDeviceConversion */; };
		E89FE8E52B9BCC42004700B2 /* FirebaseAnalyticsSwift in Frameworks */ = {isa = PBXBuildFile; productRef = E89FE8E42B9BCC42004700B2 /* FirebaseAnalyticsSwift */; };
		E89FE8E72B9BCC42004700B2 /* FirebaseAppCheck in Frameworks */ = {isa = PBXBuildFile; productRef = E89FE8E62B9BCC42004700B2 /* FirebaseAppCheck */; };
		E89FE8E92B9BCE00004700B2 /* Root.swift in Sources */ = {isa = PBXBuildFile; fileRef = E89FE8E82B9BCE00004700B2 /* Root.swift */; };
		E89FE8EB2B9BD28E004700B2 /* LoginView.swift in Sources */ = {isa = PBXBuildFile; fileRef = E89FE8EA2B9BD28E004700B2 /* LoginView.swift */; };
		E89FE8ED2B9BD294004700B2 /* Login.swift in Sources */ = {isa = PBXBuildFile; fileRef = E89FE8EC2B9BD294004700B2 /* Login.swift */; };
		E89FE8EF2B9BD3F8004700B2 /* Keys.swift in Sources */ = {isa = PBXBuildFile; fileRef = E89FE8EE2B9BD3F8004700B2 /* Keys.swift */; };
		E89FE8F12B9BD413004700B2 /* Sizing.swift in Sources */ = {isa = PBXBuildFile; fileRef = E89FE8F02B9BD413004700B2 /* Sizing.swift */; };
		E89FE8F42B9BDCDB004700B2 /* Home.swift in Sources */ = {isa = PBXBuildFile; fileRef = E89FE8F32B9BDCDB004700B2 /* Home.swift */; };
		E89FE8F62B9BDCE9004700B2 /* HomeView.swift in Sources */ = {isa = PBXBuildFile; fileRef = E89FE8F52B9BDCE9004700B2 /* HomeView.swift */; };
		E89FE8F92B9BDDE7004700B2 /* FoodPopoverCoordinatorView.swift in Sources */ = {isa = PBXBuildFile; fileRef = E89FE8F82B9BDDE7004700B2 /* FoodPopoverCoordinatorView.swift */; };
		E89FE8FB2B9BDE00004700B2 /* Path.swift in Sources */ = {isa = PBXBuildFile; fileRef = E89FE8FA2B9BDE00004700B2 /* Path.swift */; };
		E89FE8FD2B9BE42B004700B2 /* InputField.swift in Sources */ = {isa = PBXBuildFile; fileRef = E89FE8FC2B9BE42B004700B2 /* InputField.swift */; };
		E89FE9002B9BE44C004700B2 /* InputFieldView.swift in Sources */ = {isa = PBXBuildFile; fileRef = E89FE8FF2B9BE44C004700B2 /* InputFieldView.swift */; };
		E89FE9022B9BE537004700B2 /* Colors.swift in Sources */ = {isa = PBXBuildFile; fileRef = E89FE9012B9BE537004700B2 /* Colors.swift */; };
		E89FE9042B9BF35A004700B2 /* BorderState.swift in Sources */ = {isa = PBXBuildFile; fileRef = E89FE9032B9BF35A004700B2 /* BorderState.swift */; };
		E89FE9072B9C00AC004700B2 /* ApiClientKey.swift in Sources */ = {isa = PBXBuildFile; fileRef = E89FE9062B9C00AC004700B2 /* ApiClientKey.swift */; };
		E89FE9092B9C00D3004700B2 /* ApiClient.swift in Sources */ = {isa = PBXBuildFile; fileRef = E89FE9082B9C00D3004700B2 /* ApiClient.swift */; };
		E89FE90D2B9C08F4004700B2 /* FirebaseAuth in Frameworks */ = {isa = PBXBuildFile; productRef = E89FE90C2B9C08F4004700B2 /* FirebaseAuth */; };
		E89FE90F2B9C08F4004700B2 /* FirebaseCrashlytics in Frameworks */ = {isa = PBXBuildFile; productRef = E89FE90E2B9C08F4004700B2 /* FirebaseCrashlytics */; };
		E89FE9112B9C08F4004700B2 /* FirebaseDatabase in Frameworks */ = {isa = PBXBuildFile; productRef = E89FE9102B9C08F4004700B2 /* FirebaseDatabase */; };
		E89FE9132B9C08F4004700B2 /* FirebaseDatabaseSwift in Frameworks */ = {isa = PBXBuildFile; productRef = E89FE9122B9C08F4004700B2 /* FirebaseDatabaseSwift */; };
		E89FE9152B9C08F4004700B2 /* FirebaseFirestore in Frameworks */ = {isa = PBXBuildFile; productRef = E89FE9142B9C08F4004700B2 /* FirebaseFirestore */; };
		E89FE9172B9C08F4004700B2 /* FirebaseFirestoreSwift in Frameworks */ = {isa = PBXBuildFile; productRef = E89FE9162B9C08F4004700B2 /* FirebaseFirestoreSwift */; };
		E89FE9192B9C08F4004700B2 /* FirebasePerformance in Frameworks */ = {isa = PBXBuildFile; productRef = E89FE9182B9C08F4004700B2 /* FirebasePerformance */; };
		E89FE9242B9E4FB2004700B2 /* TapToDismissModifier.swift in Sources */ = {isa = PBXBuildFile; fileRef = E89FE9232B9E4FB2004700B2 /* TapToDismissModifier.swift */; };
		E89FE9262B9E4FEB004700B2 /* Ext_View.swift in Sources */ = {isa = PBXBuildFile; fileRef = E89FE9252B9E4FEB004700B2 /* Ext_View.swift */; };
		E89FE92A2B9E5783004700B2 /* Percentage.swift in Sources */ = {isa = PBXBuildFile; fileRef = E89FE9292B9E5783004700B2 /* Percentage.swift */; };
		E89FE9332B9E6AB7004700B2 /* EnvironmentConfig.swift in Sources */ = {isa = PBXBuildFile; fileRef = E89FE9312B9E6AB7004700B2 /* EnvironmentConfig.swift */; };
		E89FE9352B9E7001004700B2 /* Image.swift in Sources */ = {isa = PBXBuildFile; fileRef = E89FE9342B9E7001004700B2 /* Image.swift */; };
		E89FE9382BA00E02004700B2 /* Tab.swift in Sources */ = {isa = PBXBuildFile; fileRef = E89FE9372BA00E02004700B2 /* Tab.swift */; };
		E89FE93D2BA00E65004700B2 /* HistoryView.swift in Sources */ = {isa = PBXBuildFile; fileRef = E89FE93C2BA00E65004700B2 /* HistoryView.swift */; };
		E89FE93F2BA00E84004700B2 /* SettingsView.swift in Sources */ = {isa = PBXBuildFile; fileRef = E89FE93E2BA00E84004700B2 /* SettingsView.swift */; };
		E89FE9412BA00EAB004700B2 /* TodayView.swift in Sources */ = {isa = PBXBuildFile; fileRef = E89FE9402BA00EAB004700B2 /* TodayView.swift */; };
		E89FE9462BA017AA004700B2 /* FloatingButton.swift in Sources */ = {isa = PBXBuildFile; fileRef = E89FE9452BA017AA004700B2 /* FloatingButton.swift */; };
		E89FE9482BA01B5B004700B2 /* BottomRightModifier.swift in Sources */ = {isa = PBXBuildFile; fileRef = E89FE9472BA01B5B004700B2 /* BottomRightModifier.swift */; };
		E89FE94A2BA01E8F004700B2 /* MacroFood.swift in Sources */ = {isa = PBXBuildFile; fileRef = E89FE9492BA01E8F004700B2 /* MacroFood.swift */; };
		E89FE94D2BA02354004700B2 /* AddFoodHome.swift in Sources */ = {isa = PBXBuildFile; fileRef = E89FE94C2BA02354004700B2 /* AddFoodHome.swift */; };
		E89FE94F2BA02360004700B2 /* AddFoodHomeView.swift in Sources */ = {isa = PBXBuildFile; fileRef = E89FE94E2BA02360004700B2 /* AddFoodHomeView.swift */; };
		E89FE9512BA023D0004700B2 /* Today.swift in Sources */ = {isa = PBXBuildFile; fileRef = E89FE9502BA023D0004700B2 /* Today.swift */; };
		E89FE9532BA02862004700B2 /* GenericBackgroundView.swift in Sources */ = {isa = PBXBuildFile; fileRef = E89FE9522BA02862004700B2 /* GenericBackgroundView.swift */; };
/* End PBXBuildFile section */

/* Begin PBXFileReference section */
		E848CF642BA1643600441247 /* ManualEntryView.swift */ = {isa = PBXFileReference; lastKnownFileType = sourcecode.swift; path = ManualEntryView.swift; sourceTree = "<group>"; };
		E848CF662BA1643C00441247 /* ManualEntry.swift */ = {isa = PBXFileReference; lastKnownFileType = sourcecode.swift; path = ManualEntry.swift; sourceTree = "<group>"; };
		E848CF692BA16B7400441247 /* CardButtonStyle.swift */ = {isa = PBXFileReference; lastKnownFileType = sourcecode.swift; path = CardButtonStyle.swift; sourceTree = "<group>"; };
		E848CF6C2BA2965700441247 /* RuntimeVariables.swift */ = {isa = PBXFileReference; lastKnownFileType = sourcecode.swift; path = RuntimeVariables.swift; sourceTree = "<group>"; };
		E848CF6F2BA2979D00441247 /* RuntimeVariablesKey.swift */ = {isa = PBXFileReference; lastKnownFileType = sourcecode.swift; path = RuntimeVariablesKey.swift; sourceTree = "<group>"; };
		E848CF712BA297DD00441247 /* DependancyValues.swift */ = {isa = PBXFileReference; lastKnownFileType = sourcecode.swift; path = DependancyValues.swift; sourceTree = "<group>"; };
		E848CF762BA2A59500441247 /* Settings.swift */ = {isa = PBXFileReference; lastKnownFileType = sourcecode.swift; path = Settings.swift; sourceTree = "<group>"; };
		E848CF782BA3F32600441247 /* History.swift */ = {isa = PBXFileReference; lastKnownFileType = sourcecode.swift; path = History.swift; sourceTree = "<group>"; };
		E848CF7A2BA3FB9C00441247 /* Ids.swift */ = {isa = PBXFileReference; lastKnownFileType = sourcecode.swift; path = Ids.swift; sourceTree = "<group>"; };
		E848CF7C2BA40E2F00441247 /* DateUtil.swift */ = {isa = PBXFileReference; lastKnownFileType = sourcecode.swift; path = DateUtil.swift; sourceTree = "<group>"; };
		E848CF7F2BA40F0300441247 /* Ext_Date.swift */ = {isa = PBXFileReference; lastKnownFileType = sourcecode.swift; path = Ext_Date.swift; sourceTree = "<group>"; };
		E89FE8BD2B9BC97D004700B2 /* Macroist-SwiftUI.app */ = {isa = PBXFileReference; explicitFileType = wrapper.application; includeInIndex = 0; path = "Macroist-SwiftUI.app"; sourceTree = BUILT_PRODUCTS_DIR; };
		E89FE8C02B9BC97D004700B2 /* Macroist_SwiftUIApp.swift */ = {isa = PBXFileReference; lastKnownFileType = sourcecode.swift; path = Macroist_SwiftUIApp.swift; sourceTree = "<group>"; };
		E89FE8C42B9BC97E004700B2 /* Assets.xcassets */ = {isa = PBXFileReference; lastKnownFileType = folder.assetcatalog; path = Assets.xcassets; sourceTree = "<group>"; };
		E89FE8C72B9BC97E004700B2 /* Preview Assets.xcassets */ = {isa = PBXFileReference; lastKnownFileType = folder.assetcatalog; path = "Preview Assets.xcassets"; sourceTree = "<group>"; };
		E89FE8D32B9BCA23004700B2 /* RootView.swift */ = {isa = PBXFileReference; lastKnownFileType = sourcecode.swift; path = RootView.swift; sourceTree = "<group>"; };
		E89FE8D82B9BCAAA004700B2 /* FoodPopoverCoordinator.swift */ = {isa = PBXFileReference; lastKnownFileType = sourcecode.swift; path = FoodPopoverCoordinator.swift; sourceTree = "<group>"; };
		E89FE8DD2B9BCBA4004700B2 /* GoogleService-Info.plist */ = {isa = PBXFileReference; fileEncoding = 4; lastKnownFileType = text.plist.xml; name = "GoogleService-Info.plist"; path = "../../../Downloads/GoogleService-Info.plist"; sourceTree = "<group>"; };
		E89FE8E82B9BCE00004700B2 /* Root.swift */ = {isa = PBXFileReference; lastKnownFileType = sourcecode.swift; path = Root.swift; sourceTree = "<group>"; };
		E89FE8EA2B9BD28E004700B2 /* LoginView.swift */ = {isa = PBXFileReference; lastKnownFileType = sourcecode.swift; path = LoginView.swift; sourceTree = "<group>"; };
		E89FE8EC2B9BD294004700B2 /* Login.swift */ = {isa = PBXFileReference; lastKnownFileType = sourcecode.swift; path = Login.swift; sourceTree = "<group>"; };
		E89FE8EE2B9BD3F8004700B2 /* Keys.swift */ = {isa = PBXFileReference; lastKnownFileType = sourcecode.swift; path = Keys.swift; sourceTree = "<group>"; };
		E89FE8F02B9BD413004700B2 /* Sizing.swift */ = {isa = PBXFileReference; lastKnownFileType = sourcecode.swift; path = Sizing.swift; sourceTree = "<group>"; };
		E89FE8F32B9BDCDB004700B2 /* Home.swift */ = {isa = PBXFileReference; lastKnownFileType = sourcecode.swift; path = Home.swift; sourceTree = "<group>"; };
		E89FE8F52B9BDCE9004700B2 /* HomeView.swift */ = {isa = PBXFileReference; lastKnownFileType = sourcecode.swift; path = HomeView.swift; sourceTree = "<group>"; };
		E89FE8F82B9BDDE7004700B2 /* FoodPopoverCoordinatorView.swift */ = {isa = PBXFileReference; lastKnownFileType = sourcecode.swift; path = FoodPopoverCoordinatorView.swift; sourceTree = "<group>"; };
		E89FE8FA2B9BDE00004700B2 /* Path.swift */ = {isa = PBXFileReference; lastKnownFileType = sourcecode.swift; path = Path.swift; sourceTree = "<group>"; };
		E89FE8FC2B9BE42B004700B2 /* InputField.swift */ = {isa = PBXFileReference; lastKnownFileType = sourcecode.swift; path = InputField.swift; sourceTree = "<group>"; };
		E89FE8FF2B9BE44C004700B2 /* InputFieldView.swift */ = {isa = PBXFileReference; lastKnownFileType = sourcecode.swift; path = InputFieldView.swift; sourceTree = "<group>"; };
		E89FE9012B9BE537004700B2 /* Colors.swift */ = {isa = PBXFileReference; lastKnownFileType = sourcecode.swift; path = Colors.swift; sourceTree = "<group>"; };
		E89FE9032B9BF35A004700B2 /* BorderState.swift */ = {isa = PBXFileReference; lastKnownFileType = sourcecode.swift; path = BorderState.swift; sourceTree = "<group>"; };
		E89FE9062B9C00AC004700B2 /* ApiClientKey.swift */ = {isa = PBXFileReference; lastKnownFileType = sourcecode.swift; path = ApiClientKey.swift; sourceTree = "<group>"; };
		E89FE9082B9C00D3004700B2 /* ApiClient.swift */ = {isa = PBXFileReference; lastKnownFileType = sourcecode.swift; path = ApiClient.swift; sourceTree = "<group>"; };
		E89FE9232B9E4FB2004700B2 /* TapToDismissModifier.swift */ = {isa = PBXFileReference; lastKnownFileType = sourcecode.swift; path = TapToDismissModifier.swift; sourceTree = "<group>"; };
		E89FE9252B9E4FEB004700B2 /* Ext_View.swift */ = {isa = PBXFileReference; lastKnownFileType = sourcecode.swift; path = Ext_View.swift; sourceTree = "<group>"; };
		E89FE9292B9E5783004700B2 /* Percentage.swift */ = {isa = PBXFileReference; lastKnownFileType = sourcecode.swift; path = Percentage.swift; sourceTree = "<group>"; };
		E89FE9312B9E6AB7004700B2 /* EnvironmentConfig.swift */ = {isa = PBXFileReference; fileEncoding = 4; lastKnownFileType = sourcecode.swift; path = EnvironmentConfig.swift; sourceTree = "<group>"; };
		E89FE9342B9E7001004700B2 /* Image.swift */ = {isa = PBXFileReference; lastKnownFileType = sourcecode.swift; path = Image.swift; sourceTree = "<group>"; };
		E89FE9372BA00E02004700B2 /* Tab.swift */ = {isa = PBXFileReference; lastKnownFileType = sourcecode.swift; path = Tab.swift; sourceTree = "<group>"; };
		E89FE93C2BA00E65004700B2 /* HistoryView.swift */ = {isa = PBXFileReference; lastKnownFileType = sourcecode.swift; path = HistoryView.swift; sourceTree = "<group>"; };
		E89FE93E2BA00E84004700B2 /* SettingsView.swift */ = {isa = PBXFileReference; lastKnownFileType = sourcecode.swift; path = SettingsView.swift; sourceTree = "<group>"; };
		E89FE9402BA00EAB004700B2 /* TodayView.swift */ = {isa = PBXFileReference; lastKnownFileType = sourcecode.swift; path = TodayView.swift; sourceTree = "<group>"; };
		E89FE9452BA017AA004700B2 /* FloatingButton.swift */ = {isa = PBXFileReference; lastKnownFileType = sourcecode.swift; path = FloatingButton.swift; sourceTree = "<group>"; };
		E89FE9472BA01B5B004700B2 /* BottomRightModifier.swift */ = {isa = PBXFileReference; lastKnownFileType = sourcecode.swift; path = BottomRightModifier.swift; sourceTree = "<group>"; };
		E89FE9492BA01E8F004700B2 /* MacroFood.swift */ = {isa = PBXFileReference; lastKnownFileType = sourcecode.swift; path = MacroFood.swift; sourceTree = "<group>"; };
		E89FE94C2BA02354004700B2 /* AddFoodHome.swift */ = {isa = PBXFileReference; lastKnownFileType = sourcecode.swift; path = AddFoodHome.swift; sourceTree = "<group>"; };
		E89FE94E2BA02360004700B2 /* AddFoodHomeView.swift */ = {isa = PBXFileReference; lastKnownFileType = sourcecode.swift; path = AddFoodHomeView.swift; sourceTree = "<group>"; };
		E89FE9502BA023D0004700B2 /* Today.swift */ = {isa = PBXFileReference; lastKnownFileType = sourcecode.swift; path = Today.swift; sourceTree = "<group>"; };
		E89FE9522BA02862004700B2 /* GenericBackgroundView.swift */ = {isa = PBXFileReference; lastKnownFileType = sourcecode.swift; path = GenericBackgroundView.swift; sourceTree = "<group>"; };
/* End PBXFileReference section */

/* Begin PBXFrameworksBuildPhase section */
		E89FE8BA2B9BC97D004700B2 /* Frameworks */ = {
			isa = PBXFrameworksBuildPhase;
			buildActionMask = 2147483647;
			files = (
				E89FE8E52B9BCC42004700B2 /* FirebaseAnalyticsSwift in Frameworks */,
				E89FE90D2B9C08F4004700B2 /* FirebaseAuth in Frameworks */,
				E89FE9192B9C08F4004700B2 /* FirebasePerformance in Frameworks */,
				E89FE8E12B9BCC42004700B2 /* FirebaseAnalytics in Frameworks */,
				E89FE9152B9C08F4004700B2 /* FirebaseFirestore in Frameworks */,
				E89FE9132B9C08F4004700B2 /* FirebaseDatabaseSwift in Frameworks */,
				E89FE9172B9C08F4004700B2 /* FirebaseFirestoreSwift in Frameworks */,
				E89FE90F2B9C08F4004700B2 /* FirebaseCrashlytics in Frameworks */,
				E89FE8E32B9BCC42004700B2 /* FirebaseAnalyticsOnDeviceConversion in Frameworks */,
				E89FE8E72B9BCC42004700B2 /* FirebaseAppCheck in Frameworks */,
				E89FE9112B9C08F4004700B2 /* FirebaseDatabase in Frameworks */,
				E89FE8DC2B9BCB6A004700B2 /* ComposableArchitecture in Frameworks */,
			);
			runOnlyForDeploymentPostprocessing = 0;
		};
/* End PBXFrameworksBuildPhase section */

/* Begin PBXGroup section */
		E848CF632BA1642700441247 /* ManualEntry */ = {
			isa = PBXGroup;
			children = (
				E848CF642BA1643600441247 /* ManualEntryView.swift */,
				E848CF662BA1643C00441247 /* ManualEntry.swift */,
			);
			path = ManualEntry;
			sourceTree = "<group>";
		};
		E848CF682BA16B6800441247 /* ButtonStyles */ = {
			isa = PBXGroup;
			children = (
				E848CF692BA16B7400441247 /* CardButtonStyle.swift */,
			);
			path = ButtonStyles;
			sourceTree = "<group>";
		};
		E848CF6B2BA2954C00441247 /* App */ = {
			isa = PBXGroup;
			children = (
				E89FE9322B9E6AB7004700B2 /* Configs */,
				E89FE8C42B9BC97E004700B2 /* Assets.xcassets */,
				E89FE8C02B9BC97D004700B2 /* Macroist_SwiftUIApp.swift */,
			);
			path = App;
			sourceTree = "<group>";
		};
		E848CF6E2BA2966300441247 /* RuntimeVariables */ = {
			isa = PBXGroup;
			children = (
				E848CF6C2BA2965700441247 /* RuntimeVariables.swift */,
				E848CF6F2BA2979D00441247 /* RuntimeVariablesKey.swift */,
			);
			path = RuntimeVariables;
			sourceTree = "<group>";
		};
		E848CF732BA298FD00441247 /* Dependencies */ = {
			isa = PBXGroup;
			children = (
				E848CF712BA297DD00441247 /* DependancyValues.swift */,
				E89FE9052B9C008D004700B2 /* ApiClient */,
				E848CF6E2BA2966300441247 /* RuntimeVariables */,
			);
			path = Dependencies;
			sourceTree = "<group>";
		};
		E848CF7E2BA40EF700441247 /* Extensions */ = {
			isa = PBXGroup;
			children = (
				E848CF7F2BA40F0300441247 /* Ext_Date.swift */,
			);
			path = Extensions;
			sourceTree = "<group>";
		};
		E89FE8B42B9BC97D004700B2 = {
			isa = PBXGroup;
			children = (
				E89FE8BF2B9BC97D004700B2 /* Macroist-SwiftUI */,
				E89FE8BE2B9BC97D004700B2 /* Products */,
			);
			sourceTree = "<group>";
		};
		E89FE8BE2B9BC97D004700B2 /* Products */ = {
			isa = PBXGroup;
			children = (
				E89FE8BD2B9BC97D004700B2 /* Macroist-SwiftUI.app */,
			);
			name = Products;
			sourceTree = "<group>";
		};
		E89FE8BF2B9BC97D004700B2 /* Macroist-SwiftUI */ = {
			isa = PBXGroup;
			children = (
				E848CF6B2BA2954C00441247 /* App */,
				E89FE91E2B9E313C004700B2 /* Service */,
				E89FE8DD2B9BCBA4004700B2 /* GoogleService-Info.plist */,
				E89FE8D72B9BCA56004700B2 /* Coordinators */,
				E89FE8D22B9BC9EA004700B2 /* Keys */,
				E89FE8D12B9BC9C1004700B2 /* Features */,
				E89FE8CF2B9BC9A8004700B2 /* Utilities */,
				E89FE8CE2B9BC99E004700B2 /* Styleguide */,
				E89FE8C62B9BC97E004700B2 /* Preview Content */,
			);
			path = "Macroist-SwiftUI";
			sourceTree = "<group>";
		};
		E89FE8C62B9BC97E004700B2 /* Preview Content */ = {
			isa = PBXGroup;
			children = (
				E89FE8C72B9BC97E004700B2 /* Preview Assets.xcassets */,
			);
			path = "Preview Content";
			sourceTree = "<group>";
		};
		E89FE8CE2B9BC99E004700B2 /* Styleguide */ = {
			isa = PBXGroup;
			children = (
				E848CF682BA16B6800441247 /* ButtonStyles */,
				E89FE9442BA0178C004700B2 /* CustomViews */,
				E89FE9222B9E4FA5004700B2 /* ViewModifier */,
				E89FE9212B9E4F9F004700B2 /* Extensions */,
				E89FE9012B9BE537004700B2 /* Colors.swift */,
			);
			path = Styleguide;
			sourceTree = "<group>";
		};
		E89FE8CF2B9BC9A8004700B2 /* Utilities */ = {
			isa = PBXGroup;
			children = (
				E848CF7E2BA40EF700441247 /* Extensions */,
				E848CF732BA298FD00441247 /* Dependencies */,
				E848CF7C2BA40E2F00441247 /* DateUtil.swift */,
			);
			path = Utilities;
			sourceTree = "<group>";
		};
		E89FE8D02B9BC9B8004700B2 /* Models */ = {
			isa = PBXGroup;
			children = (
				E89FE9492BA01E8F004700B2 /* MacroFood.swift */,
			);
			path = Models;
			sourceTree = "<group>";
		};
		E89FE8D12B9BC9C1004700B2 /* Features */ = {
			isa = PBXGroup;
			children = (
				E89FE94B2BA02329004700B2 /* AddFood */,
				E89FE93B2BA00E57004700B2 /* History */,
				E89FE93A2BA00E50004700B2 /* Settings */,
				E89FE9392BA00E49004700B2 /* Today */,
				E89FE8F22B9BDC9D004700B2 /* Root */,
				E89FE8D62B9BCA31004700B2 /* Home */,
				E89FE8D52B9BCA2B004700B2 /* Login */,
			);
			path = Features;
			sourceTree = "<group>";
		};
		E89FE8D22B9BC9EA004700B2 /* Keys */ = {
			isa = PBXGroup;
			children = (
				E89FE8EE2B9BD3F8004700B2 /* Keys.swift */,
				E89FE8F02B9BD413004700B2 /* Sizing.swift */,
				E89FE9292B9E5783004700B2 /* Percentage.swift */,
				E89FE9342B9E7001004700B2 /* Image.swift */,
				E848CF7A2BA3FB9C00441247 /* Ids.swift */,
			);
			path = Keys;
			sourceTree = "<group>";
		};
		E89FE8D52B9BCA2B004700B2 /* Login */ = {
			isa = PBXGroup;
			children = (
				E89FE8EA2B9BD28E004700B2 /* LoginView.swift */,
				E89FE8EC2B9BD294004700B2 /* Login.swift */,
			);
			path = Login;
			sourceTree = "<group>";
		};
		E89FE8D62B9BCA31004700B2 /* Home */ = {
			isa = PBXGroup;
			children = (
				E89FE8F32B9BDCDB004700B2 /* Home.swift */,
				E89FE8F52B9BDCE9004700B2 /* HomeView.swift */,
				E89FE9372BA00E02004700B2 /* Tab.swift */,
			);
			path = Home;
			sourceTree = "<group>";
		};
		E89FE8D72B9BCA56004700B2 /* Coordinators */ = {
			isa = PBXGroup;
			children = (
				E89FE8F72B9BDDD6004700B2 /* FoodPopoverCoordinator */,
			);
			path = Coordinators;
			sourceTree = "<group>";
		};
		E89FE8F22B9BDC9D004700B2 /* Root */ = {
			isa = PBXGroup;
			children = (
				E89FE8D32B9BCA23004700B2 /* RootView.swift */,
				E89FE8E82B9BCE00004700B2 /* Root.swift */,
			);
			path = Root;
			sourceTree = "<group>";
		};
		E89FE8F72B9BDDD6004700B2 /* FoodPopoverCoordinator */ = {
			isa = PBXGroup;
			children = (
				E89FE8D82B9BCAAA004700B2 /* FoodPopoverCoordinator.swift */,
				E89FE8F82B9BDDE7004700B2 /* FoodPopoverCoordinatorView.swift */,
				E89FE8FA2B9BDE00004700B2 /* Path.swift */,
			);
			path = FoodPopoverCoordinator;
			sourceTree = "<group>";
		};
		E89FE8FE2B9BE43A004700B2 /* InputField */ = {
			isa = PBXGroup;
			children = (
				E89FE8FC2B9BE42B004700B2 /* InputField.swift */,
				E89FE8FF2B9BE44C004700B2 /* InputFieldView.swift */,
				E89FE9032B9BF35A004700B2 /* BorderState.swift */,
			);
			path = InputField;
			sourceTree = "<group>";
		};
		E89FE9052B9C008D004700B2 /* ApiClient */ = {
			isa = PBXGroup;
			children = (
				E89FE9062B9C00AC004700B2 /* ApiClientKey.swift */,
				E89FE9082B9C00D3004700B2 /* ApiClient.swift */,
			);
			path = ApiClient;
			sourceTree = "<group>";
		};
		E89FE91E2B9E313C004700B2 /* Service */ = {
			isa = PBXGroup;
			children = (
				E89FE8D02B9BC9B8004700B2 /* Models */,
			);
			path = Service;
			sourceTree = "<group>";
		};
		E89FE9212B9E4F9F004700B2 /* Extensions */ = {
			isa = PBXGroup;
			children = (
				E89FE9252B9E4FEB004700B2 /* Ext_View.swift */,
			);
			path = Extensions;
			sourceTree = "<group>";
		};
		E89FE9222B9E4FA5004700B2 /* ViewModifier */ = {
			isa = PBXGroup;
			children = (
				E89FE9232B9E4FB2004700B2 /* TapToDismissModifier.swift */,
				E89FE9472BA01B5B004700B2 /* BottomRightModifier.swift */,
			);
			path = ViewModifier;
			sourceTree = "<group>";
		};
		E89FE9322B9E6AB7004700B2 /* Configs */ = {
			isa = PBXGroup;
			children = (
				E89FE9312B9E6AB7004700B2 /* EnvironmentConfig.swift */,
			);
			name = Configs;
			path = "Macroist-SwiftUI/App/Configs";
			sourceTree = SOURCE_ROOT;
		};
		E89FE9392BA00E49004700B2 /* Today */ = {
			isa = PBXGroup;
			children = (
				E89FE9402BA00EAB004700B2 /* TodayView.swift */,
				E89FE9502BA023D0004700B2 /* Today.swift */,
			);
			path = Today;
			sourceTree = "<group>";
		};
		E89FE93A2BA00E50004700B2 /* Settings */ = {
			isa = PBXGroup;
			children = (
				E89FE93E2BA00E84004700B2 /* SettingsView.swift */,
				E848CF762BA2A59500441247 /* Settings.swift */,
			);
			path = Settings;
			sourceTree = "<group>";
		};
		E89FE93B2BA00E57004700B2 /* History */ = {
			isa = PBXGroup;
			children = (
				E89FE93C2BA00E65004700B2 /* HistoryView.swift */,
				E848CF782BA3F32600441247 /* History.swift */,
			);
			path = History;
			sourceTree = "<group>";
		};
		E89FE9442BA0178C004700B2 /* CustomViews */ = {
			isa = PBXGroup;
			children = (
				E89FE8FE2B9BE43A004700B2 /* InputField */,
				E89FE9452BA017AA004700B2 /* FloatingButton.swift */,
				E89FE9522BA02862004700B2 /* GenericBackgroundView.swift */,
			);
			path = CustomViews;
			sourceTree = "<group>";
		};
		E89FE94B2BA02329004700B2 /* AddFood */ = {
			isa = PBXGroup;
			children = (
				E848CF632BA1642700441247 /* ManualEntry */,
				E89FE94C2BA02354004700B2 /* AddFoodHome.swift */,
				E89FE94E2BA02360004700B2 /* AddFoodHomeView.swift */,
			);
			path = AddFood;
			sourceTree = "<group>";
		};
/* End PBXGroup section */

/* Begin PBXNativeTarget section */
		E89FE8BC2B9BC97D004700B2 /* Macroist-SwiftUI */ = {
			isa = PBXNativeTarget;
			buildConfigurationList = E89FE8CB2B9BC97E004700B2 /* Build configuration list for PBXNativeTarget "Macroist-SwiftUI" */;
			buildPhases = (
				E89FE8B92B9BC97D004700B2 /* Sources */,
				E89FE8BA2B9BC97D004700B2 /* Frameworks */,
				E89FE8BB2B9BC97D004700B2 /* Resources */,
			);
			buildRules = (
			);
			dependencies = (
			);
			name = "Macroist-SwiftUI";
			packageProductDependencies = (
				E89FE8DB2B9BCB6A004700B2 /* ComposableArchitecture */,
				E89FE8E02B9BCC42004700B2 /* FirebaseAnalytics */,
				E89FE8E22B9BCC42004700B2 /* FirebaseAnalyticsOnDeviceConversion */,
				E89FE8E42B9BCC42004700B2 /* FirebaseAnalyticsSwift */,
				E89FE8E62B9BCC42004700B2 /* FirebaseAppCheck */,
				E89FE90C2B9C08F4004700B2 /* FirebaseAuth */,
				E89FE90E2B9C08F4004700B2 /* FirebaseCrashlytics */,
				E89FE9102B9C08F4004700B2 /* FirebaseDatabase */,
				E89FE9122B9C08F4004700B2 /* FirebaseDatabaseSwift */,
				E89FE9142B9C08F4004700B2 /* FirebaseFirestore */,
				E89FE9162B9C08F4004700B2 /* FirebaseFirestoreSwift */,
				E89FE9182B9C08F4004700B2 /* FirebasePerformance */,
			);
			productName = "Macroist-SwiftUI";
			productReference = E89FE8BD2B9BC97D004700B2 /* Macroist-SwiftUI.app */;
			productType = "com.apple.product-type.application";
		};
/* End PBXNativeTarget section */

/* Begin PBXProject section */
		E89FE8B52B9BC97D004700B2 /* Project object */ = {
			isa = PBXProject;
			attributes = {
				BuildIndependentTargetsInParallel = 1;
				LastSwiftUpdateCheck = 1530;
				LastUpgradeCheck = 1530;
				TargetAttributes = {
					E89FE8BC2B9BC97D004700B2 = {
						CreatedOnToolsVersion = 15.3;
					};
				};
			};
			buildConfigurationList = E89FE8B82B9BC97D004700B2 /* Build configuration list for PBXProject "Macroist-SwiftUI" */;
			compatibilityVersion = "Xcode 14.0";
			developmentRegion = en;
			hasScannedForEncodings = 0;
			knownRegions = (
				en,
				Base,
			);
			mainGroup = E89FE8B42B9BC97D004700B2;
			packageReferences = (
				E89FE8DA2B9BCB6A004700B2 /* XCRemoteSwiftPackageReference "swift-composable-architecture" */,
				E89FE8DF2B9BCC42004700B2 /* XCRemoteSwiftPackageReference "firebase-ios-sdk" */,
			);
			productRefGroup = E89FE8BE2B9BC97D004700B2 /* Products */;
			projectDirPath = "";
			projectRoot = "";
			targets = (
				E89FE8BC2B9BC97D004700B2 /* Macroist-SwiftUI */,
			);
		};
/* End PBXProject section */

/* Begin PBXResourcesBuildPhase section */
		E89FE8BB2B9BC97D004700B2 /* Resources */ = {
			isa = PBXResourcesBuildPhase;
			buildActionMask = 2147483647;
			files = (
				E89FE8C82B9BC97E004700B2 /* Preview Assets.xcassets in Resources */,
				E89FE8C52B9BC97E004700B2 /* Assets.xcassets in Resources */,
				E89FE8DE2B9BCBA4004700B2 /* GoogleService-Info.plist in Resources */,
			);
			runOnlyForDeploymentPostprocessing = 0;
		};
/* End PBXResourcesBuildPhase section */

/* Begin PBXSourcesBuildPhase section */
		E89FE8B92B9BC97D004700B2 /* Sources */ = {
			isa = PBXSourcesBuildPhase;
			buildActionMask = 2147483647;
			files = (
				E89FE9262B9E4FEB004700B2 /* Ext_View.swift in Sources */,
				E848CF7D2BA40E2F00441247 /* DateUtil.swift in Sources */,
				E89FE9352B9E7001004700B2 /* Image.swift in Sources */,
				E89FE9482BA01B5B004700B2 /* BottomRightModifier.swift in Sources */,
				E89FE9002B9BE44C004700B2 /* InputFieldView.swift in Sources */,
				E89FE94F2BA02360004700B2 /* AddFoodHomeView.swift in Sources */,
				E848CF702BA2979D00441247 /* RuntimeVariablesKey.swift in Sources */,
				E89FE9382BA00E02004700B2 /* Tab.swift in Sources */,
				E89FE9022B9BE537004700B2 /* Colors.swift in Sources */,
				E848CF652BA1643600441247 /* ManualEntryView.swift in Sources */,
				E89FE8FB2B9BDE00004700B2 /* Path.swift in Sources */,
				E89FE8D92B9BCAAA004700B2 /* FoodPopoverCoordinator.swift in Sources */,
				E89FE9512BA023D0004700B2 /* Today.swift in Sources */,
				E89FE8E92B9BCE00004700B2 /* Root.swift in Sources */,
				E89FE9532BA02862004700B2 /* GenericBackgroundView.swift in Sources */,
				E89FE8C12B9BC97D004700B2 /* Macroist_SwiftUIApp.swift in Sources */,
				E89FE8F62B9BDCE9004700B2 /* HomeView.swift in Sources */,
				E89FE94D2BA02354004700B2 /* AddFoodHome.swift in Sources */,
				E848CF6D2BA2965700441247 /* RuntimeVariables.swift in Sources */,
				E89FE9412BA00EAB004700B2 /* TodayView.swift in Sources */,
				E848CF772BA2A59500441247 /* Settings.swift in Sources */,
				E89FE9092B9C00D3004700B2 /* ApiClient.swift in Sources */,
				E848CF672BA1643C00441247 /* ManualEntry.swift in Sources */,
				E848CF6A2BA16B7400441247 /* CardButtonStyle.swift in Sources */,
				E848CF802BA40F0300441247 /* Ext_Date.swift in Sources */,
				E89FE8F92B9BDDE7004700B2 /* FoodPopoverCoordinatorView.swift in Sources */,
				E848CF722BA297DD00441247 /* DependancyValues.swift in Sources */,
				E89FE8ED2B9BD294004700B2 /* Login.swift in Sources */,
				E89FE94A2BA01E8F004700B2 /* MacroFood.swift in Sources */,
				E89FE8FD2B9BE42B004700B2 /* InputField.swift in Sources */,
				E89FE8F42B9BDCDB004700B2 /* Home.swift in Sources */,
				E89FE9072B9C00AC004700B2 /* ApiClientKey.swift in Sources */,
				E848CF792BA3F32600441247 /* History.swift in Sources */,
				E89FE93D2BA00E65004700B2 /* HistoryView.swift in Sources */,
				E89FE9462BA017AA004700B2 /* FloatingButton.swift in Sources */,
				E89FE9042B9BF35A004700B2 /* BorderState.swift in Sources */,
				E848CF7B2BA3FB9C00441247 /* Ids.swift in Sources */,
				E89FE8EF2B9BD3F8004700B2 /* Keys.swift in Sources */,
				E89FE8F12B9BD413004700B2 /* Sizing.swift in Sources */,
				E89FE93F2BA00E84004700B2 /* SettingsView.swift in Sources */,
				E89FE9242B9E4FB2004700B2 /* TapToDismissModifier.swift in Sources */,
				E89FE8EB2B9BD28E004700B2 /* LoginView.swift in Sources */,
				E89FE9332B9E6AB7004700B2 /* EnvironmentConfig.swift in Sources */,
				E89FE8D42B9BCA23004700B2 /* RootView.swift in Sources */,
				E89FE92A2B9E5783004700B2 /* Percentage.swift in Sources */,
			);
			runOnlyForDeploymentPostprocessing = 0;
		};
/* End PBXSourcesBuildPhase section */

/* Begin XCBuildConfiguration section */
		E89FE8C92B9BC97E004700B2 /* Debug */ = {
			isa = XCBuildConfiguration;
			buildSettings = {
				ALWAYS_SEARCH_USER_PATHS = NO;
				ASSETCATALOG_COMPILER_GENERATE_SWIFT_ASSET_SYMBOL_EXTENSIONS = YES;
				CLANG_ANALYZER_NONNULL = YES;
				CLANG_ANALYZER_NUMBER_OBJECT_CONVERSION = YES_AGGRESSIVE;
				CLANG_CXX_LANGUAGE_STANDARD = "gnu++20";
				CLANG_ENABLE_MODULES = YES;
				CLANG_ENABLE_OBJC_ARC = YES;
				CLANG_ENABLE_OBJC_WEAK = YES;
				CLANG_WARN_BLOCK_CAPTURE_AUTORELEASING = YES;
				CLANG_WARN_BOOL_CONVERSION = YES;
				CLANG_WARN_COMMA = YES;
				CLANG_WARN_CONSTANT_CONVERSION = YES;
				CLANG_WARN_DEPRECATED_OBJC_IMPLEMENTATIONS = YES;
				CLANG_WARN_DIRECT_OBJC_ISA_USAGE = YES_ERROR;
				CLANG_WARN_DOCUMENTATION_COMMENTS = YES;
				CLANG_WARN_EMPTY_BODY = YES;
				CLANG_WARN_ENUM_CONVERSION = YES;
				CLANG_WARN_INFINITE_RECURSION = YES;
				CLANG_WARN_INT_CONVERSION = YES;
				CLANG_WARN_NON_LITERAL_NULL_CONVERSION = YES;
				CLANG_WARN_OBJC_IMPLICIT_RETAIN_SELF = YES;
				CLANG_WARN_OBJC_LITERAL_CONVERSION = YES;
				CLANG_WARN_OBJC_ROOT_CLASS = YES_ERROR;
				CLANG_WARN_QUOTED_INCLUDE_IN_FRAMEWORK_HEADER = YES;
				CLANG_WARN_RANGE_LOOP_ANALYSIS = YES;
				CLANG_WARN_STRICT_PROTOTYPES = YES;
				CLANG_WARN_SUSPICIOUS_MOVE = YES;
				CLANG_WARN_UNGUARDED_AVAILABILITY = YES_AGGRESSIVE;
				CLANG_WARN_UNREACHABLE_CODE = YES;
				CLANG_WARN__DUPLICATE_METHOD_MATCH = YES;
				COPY_PHASE_STRIP = NO;
				DEBUG_INFORMATION_FORMAT = dwarf;
				ENABLE_STRICT_OBJC_MSGSEND = YES;
				ENABLE_TESTABILITY = YES;
				ENABLE_USER_SCRIPT_SANDBOXING = YES;
				GCC_C_LANGUAGE_STANDARD = gnu17;
				GCC_DYNAMIC_NO_PIC = NO;
				GCC_NO_COMMON_BLOCKS = YES;
				GCC_OPTIMIZATION_LEVEL = 0;
				GCC_PREPROCESSOR_DEFINITIONS = (
					"DEBUG=1",
					"$(inherited)",
				);
				GCC_WARN_64_TO_32_BIT_CONVERSION = YES;
				GCC_WARN_ABOUT_RETURN_TYPE = YES_ERROR;
				GCC_WARN_UNDECLARED_SELECTOR = YES;
				GCC_WARN_UNINITIALIZED_AUTOS = YES_AGGRESSIVE;
				GCC_WARN_UNUSED_FUNCTION = YES;
				GCC_WARN_UNUSED_VARIABLE = YES;
				IPHONEOS_DEPLOYMENT_TARGET = 16.0;
				LOCALIZATION_PREFERS_STRING_CATALOGS = YES;
				MTL_ENABLE_DEBUG_INFO = INCLUDE_SOURCE;
				MTL_FAST_MATH = YES;
				ONLY_ACTIVE_ARCH = YES;
				SDKROOT = iphoneos;
				SWIFT_ACTIVE_COMPILATION_CONDITIONS = "DEBUG $(inherited)";
				SWIFT_OPTIMIZATION_LEVEL = "-Onone";
			};
			name = Debug;
		};
		E89FE8CA2B9BC97E004700B2 /* Release */ = {
			isa = XCBuildConfiguration;
			buildSettings = {
				ALWAYS_SEARCH_USER_PATHS = NO;
				ASSETCATALOG_COMPILER_GENERATE_SWIFT_ASSET_SYMBOL_EXTENSIONS = YES;
				CLANG_ANALYZER_NONNULL = YES;
				CLANG_ANALYZER_NUMBER_OBJECT_CONVERSION = YES_AGGRESSIVE;
				CLANG_CXX_LANGUAGE_STANDARD = "gnu++20";
				CLANG_ENABLE_MODULES = YES;
				CLANG_ENABLE_OBJC_ARC = YES;
				CLANG_ENABLE_OBJC_WEAK = YES;
				CLANG_WARN_BLOCK_CAPTURE_AUTORELEASING = YES;
				CLANG_WARN_BOOL_CONVERSION = YES;
				CLANG_WARN_COMMA = YES;
				CLANG_WARN_CONSTANT_CONVERSION = YES;
				CLANG_WARN_DEPRECATED_OBJC_IMPLEMENTATIONS = YES;
				CLANG_WARN_DIRECT_OBJC_ISA_USAGE = YES_ERROR;
				CLANG_WARN_DOCUMENTATION_COMMENTS = YES;
				CLANG_WARN_EMPTY_BODY = YES;
				CLANG_WARN_ENUM_CONVERSION = YES;
				CLANG_WARN_INFINITE_RECURSION = YES;
				CLANG_WARN_INT_CONVERSION = YES;
				CLANG_WARN_NON_LITERAL_NULL_CONVERSION = YES;
				CLANG_WARN_OBJC_IMPLICIT_RETAIN_SELF = YES;
				CLANG_WARN_OBJC_LITERAL_CONVERSION = YES;
				CLANG_WARN_OBJC_ROOT_CLASS = YES_ERROR;
				CLANG_WARN_QUOTED_INCLUDE_IN_FRAMEWORK_HEADER = YES;
				CLANG_WARN_RANGE_LOOP_ANALYSIS = YES;
				CLANG_WARN_STRICT_PROTOTYPES = YES;
				CLANG_WARN_SUSPICIOUS_MOVE = YES;
				CLANG_WARN_UNGUARDED_AVAILABILITY = YES_AGGRESSIVE;
				CLANG_WARN_UNREACHABLE_CODE = YES;
				CLANG_WARN__DUPLICATE_METHOD_MATCH = YES;
				COPY_PHASE_STRIP = NO;
				DEBUG_INFORMATION_FORMAT = "dwarf-with-dsym";
				ENABLE_NS_ASSERTIONS = NO;
				ENABLE_STRICT_OBJC_MSGSEND = YES;
				ENABLE_USER_SCRIPT_SANDBOXING = YES;
				GCC_C_LANGUAGE_STANDARD = gnu17;
				GCC_NO_COMMON_BLOCKS = YES;
				GCC_WARN_64_TO_32_BIT_CONVERSION = YES;
				GCC_WARN_ABOUT_RETURN_TYPE = YES_ERROR;
				GCC_WARN_UNDECLARED_SELECTOR = YES;
				GCC_WARN_UNINITIALIZED_AUTOS = YES_AGGRESSIVE;
				GCC_WARN_UNUSED_FUNCTION = YES;
				GCC_WARN_UNUSED_VARIABLE = YES;
				IPHONEOS_DEPLOYMENT_TARGET = 16.0;
				LOCALIZATION_PREFERS_STRING_CATALOGS = YES;
				MTL_ENABLE_DEBUG_INFO = NO;
				MTL_FAST_MATH = YES;
				SDKROOT = iphoneos;
				SWIFT_COMPILATION_MODE = wholemodule;
				VALIDATE_PRODUCT = YES;
			};
			name = Release;
		};
		E89FE8CC2B9BC97E004700B2 /* Debug */ = {
			isa = XCBuildConfiguration;
			buildSettings = {
				ASSETCATALOG_COMPILER_APPICON_NAME = AppIcon;
				ASSETCATALOG_COMPILER_GLOBAL_ACCENT_COLOR_NAME = AccentColor;
				CODE_SIGN_STYLE = Automatic;
				CURRENT_PROJECT_VERSION = 1;
				DEVELOPMENT_ASSET_PATHS = "\"Macroist-SwiftUI/Preview Content\"";
				DEVELOPMENT_TEAM = XGJ29R7G4Y;
				ENABLE_PREVIEWS = YES;
				GENERATE_INFOPLIST_FILE = YES;
				INFOPLIST_KEY_CFBundleDisplayName = Macroist;
				INFOPLIST_KEY_LSApplicationCategoryType = "public.app-category.healthcare-fitness";
				INFOPLIST_KEY_UIApplicationSceneManifest_Generation = YES;
				INFOPLIST_KEY_UIApplicationSupportsIndirectInputEvents = YES;
				INFOPLIST_KEY_UILaunchScreen_Generation = YES;
				INFOPLIST_KEY_UISupportedInterfaceOrientations = UIInterfaceOrientationPortrait;
				LD_RUNPATH_SEARCH_PATHS = (
					"$(inherited)",
					"@executable_path/Frameworks",
				);
				MARKETING_VERSION = 1.0;
				PRODUCT_BUNDLE_IDENTIFIER = "com.rss-618.Macroist-SwiftUI";
				PRODUCT_NAME = "$(TARGET_NAME)";
				SWIFT_EMIT_LOC_STRINGS = YES;
				SWIFT_VERSION = 5.0;
				TARGETED_DEVICE_FAMILY = "1,2";
			};
			name = Debug;
		};
		E89FE8CD2B9BC97E004700B2 /* Release */ = {
			isa = XCBuildConfiguration;
			buildSettings = {
				ASSETCATALOG_COMPILER_APPICON_NAME = AppIcon;
				ASSETCATALOG_COMPILER_GLOBAL_ACCENT_COLOR_NAME = AccentColor;
				CODE_SIGN_STYLE = Automatic;
				CURRENT_PROJECT_VERSION = 1;
				DEVELOPMENT_ASSET_PATHS = "\"Macroist-SwiftUI/Preview Content\"";
				DEVELOPMENT_TEAM = XGJ29R7G4Y;
				ENABLE_PREVIEWS = YES;
				GENERATE_INFOPLIST_FILE = YES;
				INFOPLIST_KEY_CFBundleDisplayName = Macroist;
				INFOPLIST_KEY_LSApplicationCategoryType = "public.app-category.healthcare-fitness";
				INFOPLIST_KEY_UIApplicationSceneManifest_Generation = YES;
				INFOPLIST_KEY_UIApplicationSupportsIndirectInputEvents = YES;
				INFOPLIST_KEY_UILaunchScreen_Generation = YES;
				INFOPLIST_KEY_UISupportedInterfaceOrientations = UIInterfaceOrientationPortrait;
				LD_RUNPATH_SEARCH_PATHS = (
					"$(inherited)",
					"@executable_path/Frameworks",
				);
				MARKETING_VERSION = 1.0;
				PRODUCT_BUNDLE_IDENTIFIER = "com.rss-618.Macroist-SwiftUI";
				PRODUCT_NAME = "$(TARGET_NAME)";
				SWIFT_EMIT_LOC_STRINGS = YES;
				SWIFT_VERSION = 5.0;
				TARGETED_DEVICE_FAMILY = "1,2";
			};
			name = Release;
		};
/* End XCBuildConfiguration section */

/* Begin XCConfigurationList section */
		E89FE8B82B9BC97D004700B2 /* Build configuration list for PBXProject "Macroist-SwiftUI" */ = {
			isa = XCConfigurationList;
			buildConfigurations = (
				E89FE8C92B9BC97E004700B2 /* Debug */,
				E89FE8CA2B9BC97E004700B2 /* Release */,
			);
			defaultConfigurationIsVisible = 0;
			defaultConfigurationName = Release;
		};
		E89FE8CB2B9BC97E004700B2 /* Build configuration list for PBXNativeTarget "Macroist-SwiftUI" */ = {
			isa = XCConfigurationList;
			buildConfigurations = (
				E89FE8CC2B9BC97E004700B2 /* Debug */,
				E89FE8CD2B9BC97E004700B2 /* Release */,
			);
			defaultConfigurationIsVisible = 0;
			defaultConfigurationName = Release;
		};
/* End XCConfigurationList section */

/* Begin XCRemoteSwiftPackageReference section */
		E89FE8DA2B9BCB6A004700B2 /* XCRemoteSwiftPackageReference "swift-composable-architecture" */ = {
			isa = XCRemoteSwiftPackageReference;
			repositoryURL = "https://github.com/pointfreeco/swift-composable-architecture";
			requirement = {
				kind = exactVersion;
				version = 1.9.2;
			};
		};
		E89FE8DF2B9BCC42004700B2 /* XCRemoteSwiftPackageReference "firebase-ios-sdk" */ = {
			isa = XCRemoteSwiftPackageReference;
			repositoryURL = "https://github.com/firebase/firebase-ios-sdk";
			requirement = {
				kind = exactVersion;
				version = 10.22.1;
			};
		};
/* End XCRemoteSwiftPackageReference section */

/* Begin XCSwiftPackageProductDependency section */
		E89FE8DB2B9BCB6A004700B2 /* ComposableArchitecture */ = {
			isa = XCSwiftPackageProductDependency;
			package = E89FE8DA2B9BCB6A004700B2 /* XCRemoteSwiftPackageReference "swift-composable-architecture" */;
			productName = ComposableArchitecture;
		};
		E89FE8E02B9BCC42004700B2 /* FirebaseAnalytics */ = {
			isa = XCSwiftPackageProductDependency;
			package = E89FE8DF2B9BCC42004700B2 /* XCRemoteSwiftPackageReference "firebase-ios-sdk" */;
			productName = FirebaseAnalytics;
		};
		E89FE8E22B9BCC42004700B2 /* FirebaseAnalyticsOnDeviceConversion */ = {
			isa = XCSwiftPackageProductDependency;
			package = E89FE8DF2B9BCC42004700B2 /* XCRemoteSwiftPackageReference "firebase-ios-sdk" */;
			productName = FirebaseAnalyticsOnDeviceConversion;
		};
		E89FE8E42B9BCC42004700B2 /* FirebaseAnalyticsSwift */ = {
			isa = XCSwiftPackageProductDependency;
			package = E89FE8DF2B9BCC42004700B2 /* XCRemoteSwiftPackageReference "firebase-ios-sdk" */;
			productName = FirebaseAnalyticsSwift;
		};
		E89FE8E62B9BCC42004700B2 /* FirebaseAppCheck */ = {
			isa = XCSwiftPackageProductDependency;
			package = E89FE8DF2B9BCC42004700B2 /* XCRemoteSwiftPackageReference "firebase-ios-sdk" */;
			productName = FirebaseAppCheck;
		};
		E89FE90C2B9C08F4004700B2 /* FirebaseAuth */ = {
			isa = XCSwiftPackageProductDependency;
			package = E89FE8DF2B9BCC42004700B2 /* XCRemoteSwiftPackageReference "firebase-ios-sdk" */;
			productName = FirebaseAuth;
		};
		E89FE90E2B9C08F4004700B2 /* FirebaseCrashlytics */ = {
			isa = XCSwiftPackageProductDependency;
			package = E89FE8DF2B9BCC42004700B2 /* XCRemoteSwiftPackageReference "firebase-ios-sdk" */;
			productName = FirebaseCrashlytics;
		};
		E89FE9102B9C08F4004700B2 /* FirebaseDatabase */ = {
			isa = XCSwiftPackageProductDependency;
			package = E89FE8DF2B9BCC42004700B2 /* XCRemoteSwiftPackageReference "firebase-ios-sdk" */;
			productName = FirebaseDatabase;
		};
		E89FE9122B9C08F4004700B2 /* FirebaseDatabaseSwift */ = {
			isa = XCSwiftPackageProductDependency;
			package = E89FE8DF2B9BCC42004700B2 /* XCRemoteSwiftPackageReference "firebase-ios-sdk" */;
			productName = FirebaseDatabaseSwift;
		};
		E89FE9142B9C08F4004700B2 /* FirebaseFirestore */ = {
			isa = XCSwiftPackageProductDependency;
			package = E89FE8DF2B9BCC42004700B2 /* XCRemoteSwiftPackageReference "firebase-ios-sdk" */;
			productName = FirebaseFirestore;
		};
		E89FE9162B9C08F4004700B2 /* FirebaseFirestoreSwift */ = {
			isa = XCSwiftPackageProductDependency;
			package = E89FE8DF2B9BCC42004700B2 /* XCRemoteSwiftPackageReference "firebase-ios-sdk" */;
			productName = FirebaseFirestoreSwift;
		};
		E89FE9182B9C08F4004700B2 /* FirebasePerformance */ = {
			isa = XCSwiftPackageProductDependency;
			package = E89FE8DF2B9BCC42004700B2 /* XCRemoteSwiftPackageReference "firebase-ios-sdk" */;
			productName = FirebasePerformance;
		};
/* End XCSwiftPackageProductDependency section */
	};
	rootObject = E89FE8B52B9BC97D004700B2 /* Project object */;
}
